Microsoft Visual Studio Solution File, Format Version 11.00
# Visual Studio 2017

Project("{8BC9CEB8-8B4A-11D0-8D11-00A0C91BC942}") = "AudioManagementTemplate - App", "AudioManagementTemplate_App.vcxproj", "{946E3078-9A8B-BDEE-12B4-DCF7B64D8262}"
EndProject
Global
	GlobalSection(SolutionConfigurationPlatforms) = preSolution
		Debug|x64 = Debug|x64
		Release|x64 = Release|x64
	EndGlobalSection
	GlobalSection(ProjectConfigurationPlatforms) = postSolution
		{946E3078-9A8B-BDEE-12B4-DCF7B64D8262}.Debug|x64.Build.0 = Debug|x64
		{946E3078-9A8B-BDEE-12B4-DCF7B64D8262}.Debug|x64.ActiveCfg = Debug|x64
		{946E3078-9A8B-BDEE-12B4-DCF7B64D8262}.Release|x64.Build.0 = Release|x64
		{946E3078-9A8B-BDEE-12B4-DCF7B64D8262}.Release|x64.ActiveCfg = Release|x64
	EndGlobalSection
	GlobalSection(SolutionProperties) = preSolution
		HideSolutionNode = FALSE
	EndGlobalSection
EndGlobal
