// !$*UTF8*$!
{
	archiveVersion = 1;
	classes = {
	};
	objectVersion = 46;
	objects = {

		991B3A8F452B77FF1EE13C43 = {isa = PBXBuildFile; fileRef = 8B89BAB92952ABDDE2E41E0E; };
		3B9E098AEDCB22AF30F2EC63 = {isa = PBXBuildFile; fileRef = 7B8AF8E59476B97C8D3853E9; };
		AFFE77013AAE2B018D36FCDF = {isa = PBXBuildFile; fileRef = 718898F0C09EB0E95CB141AC; };
		FFE43463228CCBB691B09F12 = {isa = PBXBuildFile; fileRef = F45B70AAB7E890CF4E72384B; };
		39C3241E1522B164E93F0D1A = {isa = PBXBuildFile; fileRef = E18726A78A04D48701E36B15; };
		9E4434532E6E4E6D8895DD2A = {isa = PBXBuildFile; fileRef = 42CB80DC5B9C94D03BCC7D89; };
		E0EAD0AE20C70B1274750985 = {isa = PBXBuildFile; fileRef = F09EF10A497BB2D8D4962416; };
		E2AD0EC15D2E4513CE9CC5CC = {isa = PBXBuildFile; fileRef = FCAE1B662A0AB818802FEBAE; };
		C89F6B98EEF8308AF6495897 = {isa = PBXBuildFile; fileRef = B7BB397ECA8845AD8F47A8C4; };
		6552D602D5AFE87D15A75B29 = {isa = PBXBuildFile; fileRef = FACBAC3A0A5A49187EE95AD2; };
		C13F56094E135C4D635311EB = {isa = PBXBuildFile; fileRef = FEF904267B1E807318DD412E; };
		B7D430EE8EAE25A4EDF76F41 = {isa = PBXBuildFile; fileRef = B201EE158243E258660323D3; };
		7F2A22AA21972A5377BD839A = {isa = PBXBuildFile; fileRef = FBFB2A6FF722E0488F639F9C; };
		1C7B533EAAA1F7D8DB1D5915 = {isa = PBXBuildFile; fileRef = B5CA05C36A2F9845D5A73821; };
		ED0E662AC573811E70819666 = {isa = PBXBuildFile; fileRef = C912C8DAF80D2572FB97B3B8; };
		8F03EBE11FAC96A80C3CAF06 = {isa = PBXBuildFile; fileRef = 2C1B06183371950A0E8536F7; };
		850680408F2B5FD20A8FCF19 = {isa = PBXBuildFile; fileRef = 6B8A5A6B947DC8881D9C1277; };
		B2F16EEC440C350E72317F4C = {isa = PBXBuildFile; fileRef = 8452A550B6FF038568C1C778; };
		61E9419372DD60A0D036CC9E = {isa = PBXBuildFile; fileRef = F6B4CAD8EB542B1412B45714; };
		0C568B822A15B64187764D36 = {isa = PBXBuildFile; fileRef = DC7A9741CC4275536CA4876D; };
		0DB92FB2BC8071E3BA1C5E2C = {isa = PBXBuildFile; fileRef = 95FFCC6A1372E021082482E3; };
		10484D75F0D34B9A6F29F6AD = {isa = PBXBuildFile; fileRef = 08C64A315641472DFF543251; };
		CBA3C6E5210C74D0D3B6D44A = {isa = PBXBuildFile; fileRef = 680C60CA07B5C8EB13B633E0; };
		F26B7BEC8746F1E83720A514 = {isa = PBXBuildFile; fileRef = ACA13728C31A8A113679D6BD; };
		6FC681E823484A39281C93BD = {isa = PBXBuildFile; fileRef = 00233AB7141CEB72747F3EDE; };
		585DB7AF1A9654721E5704EF = {isa = PBXBuildFile; fileRef = 9A9165B71E0FF437DA22DE8B; };
		729E192211E17884C6D085EF = {isa = PBXBuildFile; fileRef = B78BFE07AB86B46E784DE809; };
		5B15BC96112E5781F1B8A2E5 = {isa = PBXBuildFile; fileRef = 3758586B67A59AC084A76E20; };
		FD7B48F485D4D0EACAED8177 = {isa = PBXBuildFile; fileRef = 9C18FC84AEDC114A53CD79F3; };
		9F4C6BE959407AACEC4CE565 = {isa = PBXBuildFile; fileRef = B3785C3B191808711848AD42; };
		EACBA7F88ADD77542D197EAA = {isa = PBXBuildFile; fileRef = 2FC817D75FA6188150591244; };
		A62F1764AE4DC6B1E1B18459 = {isa = PBXBuildFile; fileRef = 0A842206C2B76A73B08FC447; };
		D35822C4DDB6FA32C816CB06 = {isa = PBXBuildFile; fileRef = 0102901BA39231F73F845CD3; };
		8B3D23FD3F0B4736B4C5093A = {isa = PBXBuildFile; fileRef = 43BB9FC28FE1D6F073D4589F; };
		00233AB7141CEB72747F3EDE = {isa = PBXFileReference; lastKnownFileType = sourcecode.cpp.objcpp; name = "include_juce_audio_utils.mm"; path = "../../JuceLibraryCode/include_juce_audio_utils.mm"; sourceTree = "SOURCE_ROOT"; };
		0102901BA39231F73F845CD3 = {isa = PBXFileReference; lastKnownFileType = sourcecode.cpp.objcpp; name = "include_juce_opengl.mm"; path = "../../JuceLibraryCode/include_juce_opengl.mm"; sourceTree = "SOURCE_ROOT"; };
		04D18237E19C6AE10D729036 = {isa = PBXFileReference; lastKnownFileType = file; name = "juce_core"; path = "../../../../../JUCE/modules/juce_core"; sourceTree = "SOURCE_ROOT"; };
		08C64A315641472DFF543251 = {isa = PBXFileReference; lastKnownFileType = sourcecode.cpp.objcpp; name = "include_juce_audio_devices.mm"; path = "../../JuceLibraryCode/include_juce_audio_devices.mm"; sourceTree = "SOURCE_ROOT"; };
		0A842206C2B76A73B08FC447 = {isa = PBXFileReference; lastKnownFileType = sourcecode.cpp.objcpp; name = "include_juce_gui_extra.mm"; path = "../../JuceLibraryCode/include_juce_gui_extra.mm"; sourceTree = "SOURCE_ROOT"; };
		298DDFD0D8027CFA34623763 = {isa = PBXFileReference; lastKnownFileType = file; name = "juce_gui_basics"; path = "../../../../../JUCE/modules/juce_gui_basics"; sourceTree = "SOURCE_ROOT"; };
		2C1B06183371950A0E8536F7 = {isa = PBXFileReference; lastKnownFileType = sourcecode.cpp.cpp; name = MainAudioProcessor.cpp; path = ../../Source/MainAudioProcessor.cpp; sourceTree = "SOURCE_ROOT"; };
		2FC817D75FA6188150591244 = {isa = PBXFileReference; lastKnownFileType = sourcecode.cpp.objcpp; name = "include_juce_gui_basics.mm"; path = "../../JuceLibraryCode/include_juce_gui_basics.mm"; sourceTree = "SOURCE_ROOT"; };
		3143BAA2580681DDC998F067 = {isa = PBXFileReference; lastKnownFileType = file; name = "juce_events"; path = "../../../../../JUCE/modules/juce_events"; sourceTree = "SOURCE_ROOT"; };
		3758586B67A59AC084A76E20 = {isa = PBXFileReference; lastKnownFileType = sourcecode.cpp.objcpp; name = "include_juce_data_structures.mm"; path = "../../JuceLibraryCode/include_juce_data_structures.mm"; sourceTree = "SOURCE_ROOT"; };
		3CF5BB3C855EEED3CF0F9F87 = {isa = PBXFileReference; lastKnownFileType = file; name = "juce_audio_utils"; path = "../../../../../JUCE/modules/juce_audio_utils"; sourceTree = "SOURCE_ROOT"; };
		42CB80DC5B9C94D03BCC7D89 = {isa = PBXFileReference; lastKnownFileType = wrapper.framework; name = Cocoa.framework; path = System/Library/Frameworks/Cocoa.framework; sourceTree = SDKROOT; };
		43BB9FC28FE1D6F073D4589F = {isa = PBXFileReference; lastKnownFileType = sourcecode.cpp.objcpp; name = "include_juce_video.mm"; path = "../../JuceLibraryCode/include_juce_video.mm"; sourceTree = "SOURCE_ROOT"; };
		44F50B35FC63D8AB5FAE2D33 = {isa = PBXFileReference; lastKnownFileType = sourcecode.c.h; name = MainComponent.h; path = ../../Source/MainComponent.h; sourceTree = "SOURCE_ROOT"; };
		51C3C10ACB96835A566EE96B = {isa = PBXFileReference; lastKnownFileType = sourcecode.c.h; name = AppConfig.h; path = ../../JuceLibraryCode/AppConfig.h; sourceTree = "SOURCE_ROOT"; };
		5A2427AF55C0FA5A35DD5ACF = {isa = PBXFileReference; lastKnownFileType = file; name = "juce_gui_extra"; path = "../../../../../JUCE/modules/juce_gui_extra"; sourceTree = "SOURCE_ROOT"; };
		657C71F1EAD63BE2200A80B1 = {isa = PBXFileReference; lastKnownFileType = file; name = "juce_audio_devices"; path = "../../../../../JUCE/modules/juce_audio_devices"; sourceTree = "SOURCE_ROOT"; };
		680C60CA07B5C8EB13B633E0 = {isa = PBXFileReference; lastKnownFileType = sourcecode.cpp.objcpp; name = "include_juce_audio_formats.mm"; path = "../../JuceLibraryCode/include_juce_audio_formats.mm"; sourceTree = "SOURCE_ROOT"; };
		6B06B6886C0739E03CFD5CF6 = {isa = PBXFileReference; lastKnownFileType = file; name = "juce_graphics"; path = "../../../../../JUCE/modules/juce_graphics"; sourceTree = "SOURCE_ROOT"; };
		6B8A5A6B947DC8881D9C1277 = {isa = PBXFileReference; lastKnownFileType = sourcecode.cpp.cpp; name = MainComponent.cpp; path = ../../Source/MainComponent.cpp; sourceTree = "SOURCE_ROOT"; };
		6FF36961337EEE1A847BB037 = {isa = PBXFileReference; lastKnownFileType = file; name = "juce_data_structures"; path = "../../../../../JUCE/modules/juce_data_structures"; sourceTree = "SOURCE_ROOT"; };
		718898F0C09EB0E95CB141AC = {isa = PBXFileReference; lastKnownFileType = wrapper.framework; name = AudioToolbox.framework; path = System/Library/Frameworks/AudioToolbox.framework; sourceTree = SDKROOT; };
		7B8AF8E59476B97C8D3853E9 = {isa = PBXFileReference; lastKnownFileType = wrapper.framework; name = Accelerate.framework; path = System/Library/Frameworks/Accelerate.framework; sourceTree = SDKROOT; };
		7D818DBD0C3305492B37B116 = {isa = PBXFileReference; lastKnownFileType = sourcecode.c.h; name = JuceHeader.h; path = ../../JuceLibraryCode/JuceHeader.h; sourceTree = "SOURCE_ROOT"; };
		8452A550B6FF038568C1C778 = {isa = PBXFileReference; lastKnownFileType = sourcecode.cpp.cpp; name = Main.cpp; path = ../../Source/Main.cpp; sourceTree = "SOURCE_ROOT"; };
		8998F9A5AE09DC7ABF6C80A8 = {isa = PBXFileReference; lastKnownFileType = sourcecode.c.h; name = SynthForAdding.h; path = ../../Source/SynthForAdding.h; sourceTree = "SOURCE_ROOT"; };
		8B89BAB92952ABDDE2E41E0E = {isa = PBXFileReference; explicitFileType = wrapper.application; includeInIndex = 0; path = AdditiveSynth.app; sourceTree = "BUILT_PRODUCTS_DIR"; };
		95FFCC6A1372E021082482E3 = {isa = PBXFileReference; lastKnownFileType = sourcecode.cpp.objcpp; name = "include_juce_audio_basics.mm"; path = "../../JuceLibraryCode/include_juce_audio_basics.mm"; sourceTree = "SOURCE_ROOT"; };
		97E067650AF920E80A577D4C = {isa = PBXFileReference; lastKnownFileType = file; name = "juce_audio_basics"; path = "../../../../../JUCE/modules/juce_audio_basics"; sourceTree = "SOURCE_ROOT"; };
		998AE33D8BDFF770ABF37A92 = {isa = PBXFileReference; lastKnownFileType = file; name = "juce_audio_formats"; path = "../../../../../JUCE/modules/juce_audio_formats"; sourceTree = "SOURCE_ROOT"; };
		9A9165B71E0FF437DA22DE8B = {isa = PBXFileReference; lastKnownFileType = sourcecode.cpp.objcpp; name = "include_juce_core.mm"; path = "../../JuceLibraryCode/include_juce_core.mm"; sourceTree = "SOURCE_ROOT"; };
		9C18FC84AEDC114A53CD79F3 = {isa = PBXFileReference; lastKnownFileType = sourcecode.cpp.objcpp; name = "include_juce_events.mm"; path = "../../JuceLibraryCode/include_juce_events.mm"; sourceTree = "SOURCE_ROOT"; };
		ACA13728C31A8A113679D6BD = {isa = PBXFileReference; lastKnownFileType = sourcecode.cpp.objcpp; name = "include_juce_audio_processors.mm"; path = "../../JuceLibraryCode/include_juce_audio_processors.mm"; sourceTree = "SOURCE_ROOT"; };
		ADF5A09E13415B43C201BA6D = {isa = PBXFileReference; lastKnownFileType = file; name = "juce_audio_processors"; path = "../../../../../JUCE/modules/juce_audio_processors"; sourceTree = "SOURCE_ROOT"; };
		B201EE158243E258660323D3 = {isa = PBXFileReference; lastKnownFileType = wrapper.framework; name = OpenGL.framework; path = System/Library/Frameworks/OpenGL.framework; sourceTree = SDKROOT; };
		B3785C3B191808711848AD42 = {isa = PBXFileReference; lastKnownFileType = sourcecode.cpp.objcpp; name = "include_juce_graphics.mm"; path = "../../JuceLibraryCode/include_juce_graphics.mm"; sourceTree = "SOURCE_ROOT"; };
		B5CA05C36A2F9845D5A73821 = {isa = PBXFileReference; lastKnownFileType = wrapper.framework; name = WebKit.framework; path = System/Library/Frameworks/WebKit.framework; sourceTree = SDKROOT; };
		B78BFE07AB86B46E784DE809 = {isa = PBXFileReference; lastKnownFileType = sourcecode.cpp.objcpp; name = "include_juce_cryptography.mm"; path = "../../JuceLibraryCode/include_juce_cryptography.mm"; sourceTree = "SOURCE_ROOT"; };
		B7BB397ECA8845AD8F47A8C4 = {isa = PBXFileReference; lastKnownFileType = wrapper.framework; name = CoreMIDI.framework; path = System/Library/Frameworks/CoreMIDI.framework; sourceTree = SDKROOT; };
		C0EB6FD6665EF1B53FC65B3A = {isa = PBXFileReference; lastKnownFileType = sourcecode.c.h; name = UserInterface.h; path = ../../Source/UserInterface.h; sourceTree = "SOURCE_ROOT"; };
		C912C8DAF80D2572FB97B3B8 = {isa = PBXFileReference; lastKnownFileType = file.nib; name = RecentFilesMenuTemplate.nib; path = RecentFilesMenuTemplate.nib; sourceTree = "SOURCE_ROOT"; };
		DC7A9741CC4275536CA4876D = {isa = PBXFileReference; lastKnownFileType = sourcecode.cpp.cpp; name = UserInterface.cpp; path = ../../Source/UserInterface.cpp; sourceTree = "SOURCE_ROOT"; };
		E18726A78A04D48701E36B15 = {isa = PBXFileReference; lastKnownFileType = wrapper.framework; name = Carbon.framework; path = System/Library/Frameworks/Carbon.framework; sourceTree = SDKROOT; };
		E3F72A7106C631827F86BBF0 = {isa = PBXFileReference; lastKnownFileType = file; name = "juce_opengl"; path = "../../../../../JUCE/modules/juce_opengl"; sourceTree = "SOURCE_ROOT"; };
		EE4795AC721CC5E29EFBAEE0 = {isa = PBXFileReference; lastKnownFileType = sourcecode.c.h; name = MainAudioProcessor.h; path = ../../Source/MainAudioProcessor.h; sourceTree = "SOURCE_ROOT"; };
		F09EF10A497BB2D8D4962416 = {isa = PBXFileReference; lastKnownFileType = wrapper.framework; name = CoreAudio.framework; path = System/Library/Frameworks/CoreAudio.framework; sourceTree = SDKROOT; };
		F2383EBF955CB84B01A01EFB = {isa = PBXFileReference; lastKnownFileType = file; name = "juce_video"; path = "../../../../../JUCE/modules/juce_video"; sourceTree = "SOURCE_ROOT"; };
		F45B70AAB7E890CF4E72384B = {isa = PBXFileReference; lastKnownFileType = wrapper.framework; name = AVFoundation.framework; path = System/Library/Frameworks/AVFoundation.framework; sourceTree = SDKROOT; };
		F5B704F4B02118F6729DD25F = {isa = PBXFileReference; lastKnownFileType = file; name = "juce_cryptography"; path = "../../../../../JUCE/modules/juce_cryptography"; sourceTree = "SOURCE_ROOT"; };
		F6B4CAD8EB542B1412B45714 = {isa = PBXFileReference; lastKnownFileType = sourcecode.cpp.cpp; name = SynthForAdding.cpp; path = ../../Source/SynthForAdding.cpp; sourceTree = "SOURCE_ROOT"; };
		F7414467DC560B1719E9C936 = {isa = PBXFileReference; lastKnownFileType = text.plist.xml; name = "Info-App.plist"; path = "Info-App.plist"; sourceTree = "SOURCE_ROOT"; };
		FACBAC3A0A5A49187EE95AD2 = {isa = PBXFileReference; lastKnownFileType = wrapper.framework; name = DiscRecording.framework; path = System/Library/Frameworks/DiscRecording.framework; sourceTree = SDKROOT; };
		FBFB2A6FF722E0488F639F9C = {isa = PBXFileReference; lastKnownFileType = wrapper.framework; name = QuartzCore.framework; path = System/Library/Frameworks/QuartzCore.framework; sourceTree = SDKROOT; };
		FCAE1B662A0AB818802FEBAE = {isa = PBXFileReference; lastKnownFileType = wrapper.framework; name = CoreMedia.framework; path = System/Library/Frameworks/CoreMedia.framework; sourceTree = SDKROOT; };
		FEF904267B1E807318DD412E = {isa = PBXFileReference; lastKnownFileType = wrapper.framework; name = IOKit.framework; path = System/Library/Frameworks/IOKit.framework; sourceTree = SDKROOT; };
		C5AE34C997064A1A5F97E220 = {isa = PBXGroup; children = (
					2C1B06183371950A0E8536F7,
					EE4795AC721CC5E29EFBAEE0,
					6B8A5A6B947DC8881D9C1277,
					44F50B35FC63D8AB5FAE2D33,
					8452A550B6FF038568C1C778,
					F6B4CAD8EB542B1412B45714,
					8998F9A5AE09DC7ABF6C80A8,
					DC7A9741CC4275536CA4876D,
					C0EB6FD6665EF1B53FC65B3A, ); name = Source; sourceTree = "<group>"; };
		4B56EB9CFBAC881B604DBFAD = {isa = PBXGroup; children = (
					C5AE34C997064A1A5F97E220, ); name = AdditiveSynth; sourceTree = "<group>"; };
		0CD6A6454928765CC28CC333 = {isa = PBXGroup; children = (
					97E067650AF920E80A577D4C,
					657C71F1EAD63BE2200A80B1,
					998AE33D8BDFF770ABF37A92,
					ADF5A09E13415B43C201BA6D,
					3CF5BB3C855EEED3CF0F9F87,
					04D18237E19C6AE10D729036,
					F5B704F4B02118F6729DD25F,
					6FF36961337EEE1A847BB037,
					3143BAA2580681DDC998F067,
					6B06B6886C0739E03CFD5CF6,
					298DDFD0D8027CFA34623763,
					5A2427AF55C0FA5A35DD5ACF,
					E3F72A7106C631827F86BBF0,
					F2383EBF955CB84B01A01EFB, ); name = "Juce Modules"; sourceTree = "<group>"; };
		6782BED0CF4D67B153265488 = {isa = PBXGroup; children = (
					51C3C10ACB96835A566EE96B,
					95FFCC6A1372E021082482E3,
					08C64A315641472DFF543251,
					680C60CA07B5C8EB13B633E0,
					ACA13728C31A8A113679D6BD,
					00233AB7141CEB72747F3EDE,
					9A9165B71E0FF437DA22DE8B,
					B78BFE07AB86B46E784DE809,
					3758586B67A59AC084A76E20,
					9C18FC84AEDC114A53CD79F3,
					B3785C3B191808711848AD42,
					2FC817D75FA6188150591244,
					0A842206C2B76A73B08FC447,
					0102901BA39231F73F845CD3,
					43BB9FC28FE1D6F073D4589F,
					7D818DBD0C3305492B37B116, ); name = "Juce Library Code"; sourceTree = "<group>"; };
		00CAFF68BB5419DBB75E93EF = {isa = PBXGroup; children = (
					F7414467DC560B1719E9C936,
					C912C8DAF80D2572FB97B3B8, ); name = Resources; sourceTree = "<group>"; };
		A6E495C94881A31EDCAF9E96 = {isa = PBXGroup; children = (
					7B8AF8E59476B97C8D3853E9,
					718898F0C09EB0E95CB141AC,
					F45B70AAB7E890CF4E72384B,
					E18726A78A04D48701E36B15,
					42CB80DC5B9C94D03BCC7D89,
					F09EF10A497BB2D8D4962416,
					FCAE1B662A0AB818802FEBAE,
					B7BB397ECA8845AD8F47A8C4,
					FACBAC3A0A5A49187EE95AD2,
					FEF904267B1E807318DD412E,
					B201EE158243E258660323D3,
					FBFB2A6FF722E0488F639F9C,
					B5CA05C36A2F9845D5A73821, ); name = Frameworks; sourceTree = "<group>"; };
		197AB46ACBD522FB92908D96 = {isa = PBXGroup; children = (
					8B89BAB92952ABDDE2E41E0E, ); name = Products; sourceTree = "<group>"; };
		8E2A013B8DE705796990523A = {isa = PBXGroup; children = (
					4B56EB9CFBAC881B604DBFAD,
					0CD6A6454928765CC28CC333,
					6782BED0CF4D67B153265488,
					00CAFF68BB5419DBB75E93EF,
					A6E495C94881A31EDCAF9E96,
					197AB46ACBD522FB92908D96, ); name = Source; sourceTree = "<group>"; };
		9FCCAFB2F4BB44F1A90EB083 = {isa = XCBuildConfiguration; buildSettings = {
				CLANG_CXX_LANGUAGE_STANDARD = "c++0x";
				CLANG_LINK_OBJC_RUNTIME = NO;
				COMBINE_HIDPI_IMAGES = YES;
				CONFIGURATION_BUILD_DIR = "$(PROJECT_DIR)/build/$(CONFIGURATION)";
				COPY_PHASE_STRIP = NO;
				GCC_DYNAMIC_NO_PIC = NO;
				GCC_OPTIMIZATION_LEVEL = 0;
				GCC_PREPROCESSOR_DEFINITIONS = (
					"_DEBUG=1",
					"DEBUG=1",
					"JUCER_XCODE_MAC_F6D2F4CF=1",
					"JUCE_APP_VERSION=1.0.0",
					"JUCE_APP_VERSION_HEX=0x10000",
					"JucePlugin_Build_VST=0",
					"JucePlugin_Build_VST3=0",
					"JucePlugin_Build_AU=0",
					"JucePlugin_Build_AUv3=0",
					"JucePlugin_Build_RTAS=0",
					"JucePlugin_Build_AAX=0",
					"JucePlugin_Build_Standalone=0", );
				GCC_VERSION = com.apple.compilers.llvm.clang.1_0;
				HEADER_SEARCH_PATHS = ("../../JuceLibraryCode", "../../../../../JUCE/modules", "/juce_audio_plugin_client", "$(inherited)");
				INFOPLIST_FILE = Info-App.plist;
				INSTALL_PATH = "$(HOME)/Applications";
				MACOSX_DEPLOYMENT_TARGET = 10.11;
				MACOSX_DEPLOYMENT_TARGET_ppc = 10.4;
				PRODUCT_BUNDLE_IDENTIFIER = com.yourcompany.AdditiveSynth;
				SDKROOT_ppc = macosx10.5;
				USE_HEADERMAP = NO; }; name = Debug; };
		4BC04346B2BCF1BCE3BE1608 = {isa = XCBuildConfiguration; buildSettings = {
				CLANG_CXX_LANGUAGE_STANDARD = "c++0x";
				CLANG_LINK_OBJC_RUNTIME = NO;
				COMBINE_HIDPI_IMAGES = YES;
				CONFIGURATION_BUILD_DIR = "$(PROJECT_DIR)/build/$(CONFIGURATION)";
				DEAD_CODE_STRIPPING = YES;
				GCC_GENERATE_DEBUGGING_SYMBOLS = NO;
				GCC_OPTIMIZATION_LEVEL = 3;
				GCC_PREPROCESSOR_DEFINITIONS = (
					"_NDEBUG=1",
					"NDEBUG=1",
					"JUCER_XCODE_MAC_F6D2F4CF=1",
					"JUCE_APP_VERSION=1.0.0",
					"JUCE_APP_VERSION_HEX=0x10000",
					"JucePlugin_Build_VST=0",
					"JucePlugin_Build_VST3=0",
					"JucePlugin_Build_AU=0",
					"JucePlugin_Build_AUv3=0",
					"JucePlugin_Build_RTAS=0",
					"JucePlugin_Build_AAX=0",
					"JucePlugin_Build_Standalone=0", );
				GCC_SYMBOLS_PRIVATE_EXTERN = YES;
				GCC_VERSION = com.apple.compilers.llvm.clang.1_0;
				HEADER_SEARCH_PATHS = ("../../JuceLibraryCode", "../../../../../JUCE/modules", "/juce_audio_plugin_client", "$(inherited)");
				INFOPLIST_FILE = Info-App.plist;
				INSTALL_PATH = "$(HOME)/Applications";
				MACOSX_DEPLOYMENT_TARGET = 10.11;
				MACOSX_DEPLOYMENT_TARGET_ppc = 10.4;
				PRODUCT_BUNDLE_IDENTIFIER = com.yourcompany.AdditiveSynth;
				SDKROOT_ppc = macosx10.5;
				USE_HEADERMAP = NO; }; name = Release; };
		FA8FFFD7FE16617C105CF251 = {isa = XCBuildConfiguration; buildSettings = {
				ALWAYS_SEARCH_USER_PATHS = NO;
				DEBUG_INFORMATION_FORMAT = "dwarf";
				ENABLE_TESTABILITY = YES;
				GCC_C_LANGUAGE_STANDARD = c11;
				GCC_INLINES_ARE_PRIVATE_EXTERN = YES;
				GCC_MODEL_TUNING = G5;
				GCC_WARN_ABOUT_RETURN_TYPE = YES;
				GCC_WARN_CHECK_SWITCH_STATEMENTS = YES;
				GCC_WARN_MISSING_PARENTHESES = YES;
				GCC_WARN_NON_VIRTUAL_DESTRUCTOR = YES;
				GCC_WARN_TYPECHECK_CALLS_TO_PRINTF = YES;
				GCC_WARN_UNUSED_VARIABLE = YES;
				ONLY_ACTIVE_ARCH = YES;
				PRODUCT_NAME = "AdditiveSynth";
				WARNING_CFLAGS = -Wreorder;
				ZERO_LINK = NO; }; name = Debug; };
		8A3A1AEECD2711E05ABDD417 = {isa = XCBuildConfiguration; buildSettings = {
				ALWAYS_SEARCH_USER_PATHS = NO;
				DEBUG_INFORMATION_FORMAT = "dwarf";
				GCC_C_LANGUAGE_STANDARD = c11;
				GCC_INLINES_ARE_PRIVATE_EXTERN = YES;
				GCC_MODEL_TUNING = G5;
				GCC_WARN_ABOUT_RETURN_TYPE = YES;
				GCC_WARN_CHECK_SWITCH_STATEMENTS = YES;
				GCC_WARN_MISSING_PARENTHESES = YES;
				GCC_WARN_NON_VIRTUAL_DESTRUCTOR = YES;
				GCC_WARN_TYPECHECK_CALLS_TO_PRINTF = YES;
				GCC_WARN_UNUSED_VARIABLE = YES;
				PRODUCT_NAME = "AdditiveSynth";
				WARNING_CFLAGS = -Wreorder;
				ZERO_LINK = NO; }; name = Release; };
		54415D38C01F98DB1A7E2FFF = {isa = PBXTargetDependency; target = 70D141019095203F1BE1BFA1; };
		DFEB50F1F8F4D8F082A402D7 = {isa = XCConfigurationList; buildConfigurations = (
					FA8FFFD7FE16617C105CF251,
					8A3A1AEECD2711E05ABDD417, ); defaultConfigurationIsVisible = 0; defaultConfigurationName = Debug; };
		B0A7CC436A5820130E3B28C5 = {isa = XCConfigurationList; buildConfigurations = (
					9FCCAFB2F4BB44F1A90EB083,
					4BC04346B2BCF1BCE3BE1608, ); defaultConfigurationIsVisible = 0; defaultConfigurationName = Debug; };
		54288A0374B56253066980DF = {isa = PBXResourcesBuildPhase; buildActionMask = 2147483647; files = (
					ED0E662AC573811E70819666, ); runOnlyForDeploymentPostprocessing = 0; };
		6B6331FE760C4C90DB8F0F04 = {isa = PBXSourcesBuildPhase; buildActionMask = 2147483647; files = (
					8F03EBE11FAC96A80C3CAF06,
					850680408F2B5FD20A8FCF19,
					B2F16EEC440C350E72317F4C,
					61E9419372DD60A0D036CC9E,
					0C568B822A15B64187764D36,
					0DB92FB2BC8071E3BA1C5E2C,
					10484D75F0D34B9A6F29F6AD,
					CBA3C6E5210C74D0D3B6D44A,
					F26B7BEC8746F1E83720A514,
					6FC681E823484A39281C93BD,
					585DB7AF1A9654721E5704EF,
					729E192211E17884C6D085EF,
					5B15BC96112E5781F1B8A2E5,
					FD7B48F485D4D0EACAED8177,
					9F4C6BE959407AACEC4CE565,
					EACBA7F88ADD77542D197EAA,
					A62F1764AE4DC6B1E1B18459,
					D35822C4DDB6FA32C816CB06,
					8B3D23FD3F0B4736B4C5093A, ); runOnlyForDeploymentPostprocessing = 0; };
		CCAD3AF7FA3E6D5A81B82339 = {isa = PBXFrameworksBuildPhase; buildActionMask = 2147483647; files = (
					3B9E098AEDCB22AF30F2EC63,
					AFFE77013AAE2B018D36FCDF,
					FFE43463228CCBB691B09F12,
					39C3241E1522B164E93F0D1A,
					9E4434532E6E4E6D8895DD2A,
					E0EAD0AE20C70B1274750985,
					E2AD0EC15D2E4513CE9CC5CC,
					C89F6B98EEF8308AF6495897,
					6552D602D5AFE87D15A75B29,
					C13F56094E135C4D635311EB,
					B7D430EE8EAE25A4EDF76F41,
					7F2A22AA21972A5377BD839A,
					1C7B533EAAA1F7D8DB1D5915, ); runOnlyForDeploymentPostprocessing = 0; };
		70D141019095203F1BE1BFA1 = {isa = PBXNativeTarget; buildConfigurationList = B0A7CC436A5820130E3B28C5; buildPhases = (
					54288A0374B56253066980DF,
					6B6331FE760C4C90DB8F0F04,
					CCAD3AF7FA3E6D5A81B82339, ); buildRules = ( ); dependencies = (  ); name = "AdditiveSynth - App"; productName = AdditiveSynth; productReference = 8B89BAB92952ABDDE2E41E0E; productType = "com.apple.product-type.application"; };
		51273035EBED416C20C3A109 = {isa = PBXProject; buildConfigurationList = DFEB50F1F8F4D8F082A402D7; attributes = { LastUpgradeCheck = 0830; TargetAttributes = { 70D141019095203F1BE1BFA1 = { SystemCapabilities = {com.apple.InAppPurchase = { enabled = 0; }; com.apple.InterAppAudio = { enabled = 0; }; com.apple.Sandbox = { enabled = 0; }; }; }; }; }; compatibilityVersion = "Xcode 3.2"; hasScannedForEncodings = 0; mainGroup = 8E2A013B8DE705796990523A; projectDirPath = ""; projectRoot = ""; targets = (70D141019095203F1BE1BFA1); };
	};
	rootObject = 51273035EBED416C20C3A109;
}
