Microsoft Visual Studio Solution File, Format Version 11.00
# Visual Studio 2017

Project("{8BC9CEB8-8B4A-11D0-8D11-00A0C91BC942}") = "HandlingMidi - App", "HandlingMidi_App.vcxproj", "{B97C2215-FAB6-7513-EA77-38805D7AE72A}"
EndProject
Global
	GlobalSection(SolutionConfigurationPlatforms) = preSolution
		Debug|x64 = Debug|x64
		Release|x64 = Release|x64
	EndGlobalSection
	GlobalSection(ProjectConfigurationPlatforms) = postSolution
		{B97C2215-FAB6-7513-EA77-38805D7AE72A}.Debug|x64.Build.0 = Debug|x64
		{B97C2215-FAB6-7513-EA77-38805D7AE72A}.Debug|x64.ActiveCfg = Debug|x64
		{B97C2215-FAB6-7513-EA77-38805D7AE72A}.Release|x64.Build.0 = Release|x64
		{B97C2215-FAB6-7513-EA77-38805D7AE72A}.Release|x64.ActiveCfg = Release|x64
	EndGlobalSection
	GlobalSection(SolutionProperties) = preSolution
		HideSolutionNode = FALSE
	EndGlobalSection
EndGlobal
